github.com/0xcafed00d/joystick v1.0.1 h1:r4p2cRp4MHJWu1gArhGtumbkPxmr3tcOUTFqybEhplM=
github.com/0xcafed00d/joystick v1.0.1/go.mod h1:gzszjNgzP6jtCAeSdC9OqPVO5rO7TJuaw4P7eAjNzx8=
github.com/ynsta/uinput v0.0.0-20170902160421-4d1af569ef38 h1:nh6PV99BgIfjCuslHHuvqJm3YvZBug0gKY+bQM/oHG8=
github.com/ynsta/uinput v0.0.0-20170902160421-4d1af569ef38/go.mod h1:bXuuPzDmUGbEYbS9/IgTo64xLB5ZyISUDG02SkTZp04=
golang.org/x/sys v0.22.0 h1:RI27ohtqKCnwULzJLqkv897zojh5/DwS/ENaMzUOaWI=
golang.org/x/sys v0.22.0/go.mod h1:/VUhepiaJMQUp4+oa/7Zr1D23ma6VTLIYjOOTFZPUcA=
